dependencies:
- name: nginx-ingress
  repository: https://kubernetes-charts.storage.googleapis.com
  version: 0.31.0
- name: cert-manager
  repository: https://kubernetes-charts.storage.googleapis.com
  version: v0.5.2
- name: binderhub
  repository: https://jupyterhub.github.io/helm-chart
  version: 0.2.0-58e8ae9
digest: sha256:6ce6b4a9903bea5d042ee5c4b652b231d9629c3b67984f88578f7bda843f2b63
generated: 2018-12-03T09:47:57.122403136+01:00
