dependencies:
- name: nginx-ingress
  repository: https://kubernetes-charts.storage.googleapis.com
  version: 0.31.0
- name: cert-manager
  repository: https://kubernetes-charts.storage.googleapis.com
  version: v0.5.2
- name: binderhub
  repository: https://jupyterhub.github.io/helm-chart
  version: 0.2.0-5be4d08
digest: sha256:522c102f58121a0b9a3aff3d22b85ded0219834b6288d9565865682d8a443fb1
generated: 2018-11-25T20:47:33.021895236+01:00
